
Microsoft Visual Studio Solution File, Format Version 12.00
# Visual Studio Version 17
VisualStudioVersion = 17.2.32516.85
MinimumVisualStudioVersion = 10.0.40219.1
Project("{FAE04EC0-301F-11D3-BF4B-00C04F79EFBC}") = "Figures3", "Figures3\Figures3.csproj", "{60D9A4D4-59A5-47FB-A4BC-5413D04CBBA5}"
EndProject
Global
	GlobalSection(SolutionConfigurationPlatforms) = preSolution
		Debug|Any CPU = Debug|Any CPU
		Release|Any CPU = Release|Any CPU
	EndGlobalSection
	GlobalSection(ProjectConfigurationPlatforms) = postSolution
		{60D9A4D4-59A5-47FB-A4BC-5413D04CBBA5}.Debug|Any CPU.ActiveCfg = Debug|Any CPU
		{60D9A4D4-59A5-47FB-A4BC-5413D04CBBA5}.Debug|Any CPU.Build.0 = Debug|Any CPU
		{60D9A4D4-59A5-47FB-A4BC-5413D04CBBA5}.Release|Any CPU.ActiveCfg = Release|Any CPU
		{60D9A4D4-59A5-47FB-A4BC-5413D04CBBA5}.Release|Any CPU.Build.0 = Release|Any CPU
	EndGlobalSection
	GlobalSection(SolutionProperties) = preSolution
		HideSolutionNode = FALSE
	EndGlobalSection
	GlobalSection(ExtensibilityGlobals) = postSolution
		SolutionGuid = {923A065E-4FB1-4C3F-9557-B5EBED702681}
	EndGlobalSection
EndGlobal
